
Microsoft Visual Studio Solution File, Format Version 12.00
# Visual Studio Version 16
VisualStudioVersion = 16.0.30204.135
MinimumVisualStudioVersion = 10.0.40219.1
Project("{9A19103F-16F7-4668-BE54-9A1E7A4F7556}") = "AutomationResources", "AutomationResources\AutomationResources.csproj", "{B774D826-6547-4B78-977A-E043BD30B770}"
EndProject
Project("{9A19103F-16F7-4668-BE54-9A1E7A4F7556}") = "SeleniumTest", "SeleniumTest\SeleniumTest.csproj", "{8713B058-F7D7-43FE-B96E-DFC5F5FDB195}"
EndProject
Global
	GlobalSection(SolutionConfigurationPlatforms) = preSolution
		Debug|Any CPU = Debug|Any CPU
		Release|Any CPU = Release|Any CPU
	EndGlobalSection
	GlobalSection(ProjectConfigurationPlatforms) = postSolution
		{B774D826-6547-4B78-977A-E043BD30B770}.Debug|Any CPU.ActiveCfg = Debug|Any CPU
		{B774D826-6547-4B78-977A-E043BD30B770}.Debug|Any CPU.Build.0 = Debug|Any CPU
		{B774D826-6547-4B78-977A-E043BD30B770}.Release|Any CPU.ActiveCfg = Release|Any CPU
		{B774D826-6547-4B78-977A-E043BD30B770}.Release|Any CPU.Build.0 = Release|Any CPU
		{8713B058-F7D7-43FE-B96E-DFC5F5FDB195}.Debug|Any CPU.ActiveCfg = Debug|Any CPU
		{8713B058-F7D7-43FE-B96E-DFC5F5FDB195}.Debug|Any CPU.Build.0 = Debug|Any CPU
		{8713B058-F7D7-43FE-B96E-DFC5F5FDB195}.Release|Any CPU.ActiveCfg = Release|Any CPU
		{8713B058-F7D7-43FE-B96E-DFC5F5FDB195}.Release|Any CPU.Build.0 = Release|Any CPU
	EndGlobalSection
	GlobalSection(SolutionProperties) = preSolution
		HideSolutionNode = FALSE
	EndGlobalSection
	GlobalSection(ExtensibilityGlobals) = postSolution
		SolutionGuid = {35D4F495-6148-4601-9C38-74B9464D6F73}
	EndGlobalSection
EndGlobal
